PODS:
  - appkit_ui_element_colors (0.0.1):
    - FlutterMacOS
  - FlutterMacOS (1.0.0)

DEPENDENCIES:
  - appkit_ui_element_colors (from `Flutter/ephemeral/.symlinks/plugins/appkit_ui_element_colors/macos`)
  - FlutterMacOS (from `Flutter/ephemeral`)

EXTERNAL SOURCES:
  appkit_ui_element_colors:
    :path: Flutter/ephemeral/.symlinks/plugins/appkit_ui_element_colors/macos
  FlutterMacOS:
    :path: Flutter/ephemeral

SPEC CHECKSUMS:
  appkit_ui_element_colors: 9a391df2ee2317870cc42d73677af4d46ff3ec72
  FlutterMacOS: 8f6f14fa908a6fb3fba0cd85dbd81ec4b251fb24

PODFILE CHECKSUM: 353c8bcc5d5b0994e508d035b5431cfe18c1dea7

COCOAPODS: 1.11.3
